
Microsoft Visual Studio Solution File, Format Version 12.00
# Visual Studio Version 17
VisualStudioVersion = 17.11.35312.102
MinimumVisualStudioVersion = 10.0.40219.1
Project("{FAE04EC0-301F-11D3-BF4B-00C04F79EFBC}") = "LinksLoader", "LinksLoader.csproj", "{ABFAE54A-1F74-4BE0-B0DD-D57C7B6E6A65}"
EndProject
Global
	GlobalSection(SolutionConfigurationPlatforms) = preSolution
		Debug|Any CPU = Debug|Any CPU
		Release|Any CPU = Release|Any CPU
	EndGlobalSection
	GlobalSection(ProjectConfigurationPlatforms) = postSolution
		{ABFAE54A-1F74-4BE0-B0DD-D57C7B6E6A65}.Debug|Any CPU.ActiveCfg = Debug|Any CPU
		{ABFAE54A-1F74-4BE0-B0DD-D57C7B6E6A65}.Debug|Any CPU.Build.0 = Debug|Any CPU
		{ABFAE54A-1F74-4BE0-B0DD-D57C7B6E6A65}.Release|Any CPU.ActiveCfg = Release|Any CPU
		{ABFAE54A-1F74-4BE0-B0DD-D57C7B6E6A65}.Release|Any CPU.Build.0 = Release|Any CPU
	EndGlobalSection
	GlobalSection(SolutionProperties) = preSolution
		HideSolutionNode = FALSE
	EndGlobalSection
	GlobalSection(ExtensibilityGlobals) = postSolution
		SolutionGuid = {E960712A-EEF8-46A1-8BAA-1C4450FEAC2C}
	EndGlobalSection
EndGlobal
